
Microsoft Visual Studio Solution File, Format Version 12.00
# Visual Studio 2012
Project("{FAE04EC0-301F-11D3-BF4B-00C04F79EFBC}") = "ReplaceAll_4.0", "ReplaceAll_4.0\ReplaceAll_4.0.csproj", "{EC12D9CF-4A20-4023-BD30-6308F155959D}"
EndProject
Project("{FAE04EC0-301F-11D3-BF4B-00C04F79EFBC}") = "ReplaceAll_4.5", "ReplaceAll_4.5\ReplaceAll_4.5.csproj", "{0D81ABDD-F0B6-4421-9762-AAA47C4A5DD1}"
EndProject
Project("{FAE04EC0-301F-11D3-BF4B-00C04F79EFBC}") = "ReplaceAll_CLI_4.0", "ReplaceAll_CLI_4.0\ReplaceAll_CLI_4.0.csproj", "{52D15BD8-EBD3-440F-AAF1-6806FA89CC0B}"
EndProject
Project("{2150E333-8FDC-42A3-9474-1A3956D46DE8}") = "Replacers", "Replacers", "{C41FEBB7-0A15-4FE5-8C5D-BEB8F3DAA6B0}"
EndProject
Project("{2150E333-8FDC-42A3-9474-1A3956D46DE8}") = "UserInterfaces", "UserInterfaces", "{77CD047B-267D-4D42-A82B-0A5E3CBF61EE}"
EndProject
Project("{FAE04EC0-301F-11D3-BF4B-00C04F79EFBC}") = "ReplaceAll_CLI_4.5", "ReplaceAll_CLI_4.5\ReplaceAll_CLI_4.5.csproj", "{55DABE94-7225-43DA-81BF-2C3934F48484}"
EndProject
Global
	GlobalSection(SolutionConfigurationPlatforms) = preSolution
		Debug|Any CPU = Debug|Any CPU
		Release|Any CPU = Release|Any CPU
	EndGlobalSection
	GlobalSection(ProjectConfigurationPlatforms) = postSolution
		{EC12D9CF-4A20-4023-BD30-6308F155959D}.Debug|Any CPU.ActiveCfg = Debug|Any CPU
		{EC12D9CF-4A20-4023-BD30-6308F155959D}.Debug|Any CPU.Build.0 = Debug|Any CPU
		{EC12D9CF-4A20-4023-BD30-6308F155959D}.Release|Any CPU.ActiveCfg = Release|Any CPU
		{EC12D9CF-4A20-4023-BD30-6308F155959D}.Release|Any CPU.Build.0 = Release|Any CPU
		{0D81ABDD-F0B6-4421-9762-AAA47C4A5DD1}.Debug|Any CPU.ActiveCfg = Debug|Any CPU
		{0D81ABDD-F0B6-4421-9762-AAA47C4A5DD1}.Debug|Any CPU.Build.0 = Debug|Any CPU
		{0D81ABDD-F0B6-4421-9762-AAA47C4A5DD1}.Release|Any CPU.ActiveCfg = Release|Any CPU
		{0D81ABDD-F0B6-4421-9762-AAA47C4A5DD1}.Release|Any CPU.Build.0 = Release|Any CPU
		{52D15BD8-EBD3-440F-AAF1-6806FA89CC0B}.Debug|Any CPU.ActiveCfg = Debug|Any CPU
		{52D15BD8-EBD3-440F-AAF1-6806FA89CC0B}.Debug|Any CPU.Build.0 = Debug|Any CPU
		{52D15BD8-EBD3-440F-AAF1-6806FA89CC0B}.Release|Any CPU.ActiveCfg = Release|Any CPU
		{52D15BD8-EBD3-440F-AAF1-6806FA89CC0B}.Release|Any CPU.Build.0 = Release|Any CPU
		{55DABE94-7225-43DA-81BF-2C3934F48484}.Debug|Any CPU.ActiveCfg = Debug|Any CPU
		{55DABE94-7225-43DA-81BF-2C3934F48484}.Debug|Any CPU.Build.0 = Debug|Any CPU
		{55DABE94-7225-43DA-81BF-2C3934F48484}.Release|Any CPU.ActiveCfg = Release|Any CPU
		{55DABE94-7225-43DA-81BF-2C3934F48484}.Release|Any CPU.Build.0 = Release|Any CPU
	EndGlobalSection
	GlobalSection(SolutionProperties) = preSolution
		HideSolutionNode = FALSE
	EndGlobalSection
	GlobalSection(NestedProjects) = preSolution
		{0D81ABDD-F0B6-4421-9762-AAA47C4A5DD1} = {C41FEBB7-0A15-4FE5-8C5D-BEB8F3DAA6B0}
		{EC12D9CF-4A20-4023-BD30-6308F155959D} = {C41FEBB7-0A15-4FE5-8C5D-BEB8F3DAA6B0}
		{52D15BD8-EBD3-440F-AAF1-6806FA89CC0B} = {77CD047B-267D-4D42-A82B-0A5E3CBF61EE}
		{55DABE94-7225-43DA-81BF-2C3934F48484} = {77CD047B-267D-4D42-A82B-0A5E3CBF61EE}
	EndGlobalSection
EndGlobal
